github.com/google/go-cmp v0.5.2 h1:X2ev0eStA3AbceY54o37/0PQ/UWqKEiiO2dKL5OPaFM=
github.com/google/go-cmp v0.5.2/go.mod h1:v8dTdLbMG2kIc/vJvl+f65V22dbkXbowE6jgT/gNBxE=
github.com/google/go-querystring v1.1.0 h1:AnCroh3fv4ZBgVIf1Iwtovgjaw/GiKJo8M8yD/fhyJ8=
github.com/google/go-querystring v1.1.0/go.mod h1:Kcdr2DB4koayq7X8pmAG4sNG59So17icRSOU623lUBU=
github.com/jasonob/go-jira v0.0.0-20160729175657-509805fc5459 h1:KMX7V2Dg/oN1UPLAMEpADKefmbKFwDJ+psY9pp9Irz0=
github.com/jasonob/go-jira v0.0.0-20160729175657-509805fc5459/go.mod h1:9z7JIRgxIXen30+vYqeGo275If2jKs5a/CfxrniRWTo=
github.com/toqueteos/webbrowser v1.2.0 h1:tVP/gpK69Fx+qMJKsLE7TD8LuGWPnEV71wBN9rrstGQ=
github.com/toqueteos/webbrowser v1.2.0/go.mod h1:XWoZq4cyp9WeUeak7w7LXRUQf1F1ATJMir8RTqb4ayM=
golang.org/x/xerrors v0.0.0-20191204190536-9bdfabe68543/go.mod h1:I/5z698sn9Ka8TeJc9MKroUUfqBBauWjQqLJ2OPfmY0=
